
Microsoft Visual Studio Solution File, Format Version 12.00
Project("{FAE04EC0-301F-11D3-BF4B-00C04F79EFBC}") = "ElementTranslator", "ElementTranslator\ElementTranslator.csproj", "{08F44A2C-4E5D-4254-A13D-88EA6A3BBB8D}"
EndProject
Project("{FAE04EC0-301F-11D3-BF4B-00C04F79EFBC}") = "ElemenTranslator.Test", "ElemenTranslator.Test\ElemenTranslator.Test.csproj", "{636CE02C-979F-4571-972D-01059CE1423F}"
EndProject
Global
	GlobalSection(SolutionConfigurationPlatforms) = preSolution
		Debug|Any CPU = Debug|Any CPU
		Release|Any CPU = Release|Any CPU
	EndGlobalSection
	GlobalSection(ProjectConfigurationPlatforms) = postSolution
		{08F44A2C-4E5D-4254-A13D-88EA6A3BBB8D}.Debug|Any CPU.ActiveCfg = Debug|Any CPU
		{08F44A2C-4E5D-4254-A13D-88EA6A3BBB8D}.Debug|Any CPU.Build.0 = Debug|Any CPU
		{08F44A2C-4E5D-4254-A13D-88EA6A3BBB8D}.Release|Any CPU.ActiveCfg = Release|Any CPU
		{08F44A2C-4E5D-4254-A13D-88EA6A3BBB8D}.Release|Any CPU.Build.0 = Release|Any CPU
		{636CE02C-979F-4571-972D-01059CE1423F}.Debug|Any CPU.ActiveCfg = Debug|Any CPU
		{636CE02C-979F-4571-972D-01059CE1423F}.Debug|Any CPU.Build.0 = Debug|Any CPU
		{636CE02C-979F-4571-972D-01059CE1423F}.Release|Any CPU.ActiveCfg = Release|Any CPU
		{636CE02C-979F-4571-972D-01059CE1423F}.Release|Any CPU.Build.0 = Release|Any CPU
	EndGlobalSection
EndGlobal
